{
  "name": "default",
  "lockfileVersion": 3,
  "requires": true,
  "packages": {
    "": {
      "dependencies": {
        "@types/lodash": "^4.14.199",
        "@types/screeps": "^3.3.3"
      }
    },
    "node_modules/@types/lodash": {
      "version": "4.14.199",
      "resolved": "https://registry.npmjs.org/@types/lodash/-/lodash-4.14.199.tgz",
      "integrity": "sha512-Vrjz5N5Ia4SEzWWgIVwnHNEnb1UE1XMkvY5DGXrAeOGE9imk0hgTHh5GyDjLDJi9OTCn9oo9dXH1uToK1VRfrg=="
    },
    "node_modules/@types/screeps": {
      "version": "3.3.3",
      "resolved": "https://registry.npmjs.org/@types/screeps/-/screeps-3.3.3.tgz",
      "integrity": "sha512-r+ru4iNv8wNaNBWvk2gMXYpG8Ok1GJ8NVV9WBIHa5I+hz2QGttnAus+1whDMIzES8x3yK83Usz+gHqm8ehIW7w=="
    }
  }
}
